# This file is automatically @generated by Poetry 2.1.3 and should not be changed by hand.

[[package]]
name = "mistool"
version = "1.2.6b0"
description = "Miscellaneous missing tools that can help the py-developper."
optional = false
python-versions = "*"
groups = ["main"]
files = [
    {file = "mistool-1.2.6b0-py3-none-any.whl", hash = "sha256:53fa64ca00fe6b825558066a1753c418b41a4be12f6b73578e4dcbb9f6cd084f"},
    {file = "mistool-1.2.6b0.tar.gz", hash = "sha256:21afd96c7fd34b988078c566e5bc050d3c1cd97cfc4089ddbc0d1e7367dd67c1"},
]

[[package]]
name = "natsort"
version = "8.4.0"
description = "Simple yet flexible natural sorting in Python."
optional = false
python-versions = ">=3.7"
groups = ["main"]
files = [
    {file = "natsort-8.4.0-py3-none-any.whl", hash = "sha256:4732914fb471f56b5cce04d7bae6f164a592c7712e1c85f9ef585e197299521c"},
    {file = "natsort-8.4.0.tar.gz", hash = "sha256:45312c4a0e5507593da193dedd04abb1469253b601ecaf63445ad80f0a1ea581"},
]

[package.extras]
fast = ["fastnumbers (>=2.0.0)"]
icu = ["PyICU (>=1.0.0)"]

[metadata]
lock-version = "2.1"
python-versions = "^3.8"
content-hash = "cf76f088b7575f29113746dcc4ed8598ed4402cca3b88c486374ab32721bbd20"
